<?xml version="1.0" encoding="utf-8"?>
<Project ToolsVersion="4.0" xmlns="http://schemas.microsoft.com/developer/msbuild/2003">
  <ItemGroup>
    <Filter Include="assets">
      <UniqueIdentifier>{67DA6AB6-F800-4c08-8B7A-83BB121AAD01}</UniqueIdentifier>
      <Extensions>rc;ico;cur;bmp;dlg;rc2;rct;bin;rgs;gif;jpg;jpeg;jpe;resx;tiff;tif;png;wav;mfcribbon-ms</Extensions>
    </Filter>
    <Filter Include="assets\shaders">
      <UniqueIdentifier>{c48d1b47-00eb-4ece-b4cc-11b1ec7a98ce}</UniqueIdentifier>
    </Filter>
    <Filter Include="assets\images">
      <UniqueIdentifier>{08d71a84-0a89-4a80-9da9-cc60dcaa848a}</UniqueIdentifier>
    </Filter>
    <Filter Include="src">
      <UniqueIdentifier>{b74a99be-6df0-449c-9664-6a8872c3b93a}</UniqueIdentifier>
    </Filter>
    <Filter Include="src\core">
      <UniqueIdentifier>{3a4f3bad-9d6b-4e8e-ba2b-924ee2727c6c}</UniqueIdentifier>
    </Filter>
    <Filter Include="src\graphics">
      <UniqueIdentifier>{8bcfbc0f-56eb-48f5-b91a-22cc1056bdc2}</UniqueIdentifier>
    </Filter>
    <Filter Include="src\tool">
      <UniqueIdentifier>{46dc0e91-94b9-48fa-92fd-2ecc9cdc609a}</UniqueIdentifier>
    </Filter>
    <Filter Include="src\graphics\gl">
      <UniqueIdentifier>{b96463f8-5a75-4e9f-aee1-5b565383c6a8}</UniqueIdentifier>
    </Filter>
    <Filter Include="src\core\ecs">
      <UniqueIdentifier>{dfb5cfe9-0c14-4ebe-ace9-27d201683f4d}</UniqueIdentifier>
    </Filter>
    <Filter Include="src\gameplay">
      <UniqueIdentifier>{83f608e4-1ae7-484f-9d4e-28d0e7f6e681}</UniqueIdentifier>
    </Filter>
    <Filter Include="src\graphics2D">
      <UniqueIdentifier>{6799731d-090e-44cb-ad52-2f84aeb8a790}</UniqueIdentifier>
    </Filter>
    <Filter Include="src\core\type_system">
      <UniqueIdentifier>{80566eb7-a21c-4fe7-a8b4-4f59e0fade3a}</UniqueIdentifier>
    </Filter>
  </ItemGroup>
  <ItemGroup>
    <ClCompile Include="graphics\gl\mesh.cpp">
      <Filter>src\graphics\gl</Filter>
    </ClCompile>
    <ClCompile Include="graphics\gl\renderer.cpp">
      <Filter>src\graphics\gl</Filter>
    </ClCompile>
    <ClCompile Include="graphics\gl\shader_manager.cpp">
      <Filter>src\graphics\gl</Filter>
    </ClCompile>
    <ClCompile Include="graphics\frameRateController.cpp">
      <Filter>src\graphics</Filter>
    </ClCompile>
    <ClCompile Include="graphics\gl\window.cpp">
      <Filter>src\graphics\gl</Filter>
    </ClCompile>
    <ClCompile Include="tool\conhost.cpp">
      <Filter>src\tool</Filter>
    </ClCompile>
    <ClCompile Include="core\engine.cpp">
      <Filter>src\core</Filter>
    </ClCompile>
    <ClCompile Include="core\input_system.cpp">
      <Filter>src\core\ecs</Filter>
    </ClCompile>
    <ClCompile Include="core\ecs\movement_system.cpp">
      <Filter>src\core\ecs</Filter>
    </ClCompile>
    <ClCompile Include="main.cpp">
      <Filter>src</Filter>
    </ClCompile>
    <ClCompile Include="graphics\image.cpp">
      <Filter>src\graphics</Filter>
    </ClCompile>
    <ClCompile Include="test1.cpp">
      <Filter>src</Filter>
    </ClCompile>
    <ClCompile Include="core\type_system\type_id.cpp">
      <Filter>src\core\type_system</Filter>
    </ClCompile>
    <ClCompile Include="core\ecs\entity_manager.cpp">
      <Filter>src\core\ecs</Filter>
    </ClCompile>
    <ClCompile Include="core\logger.cpp" />
  </ItemGroup>
  <ItemGroup>
    <ClInclude Include="graphics\gl\GLResource_base.hpp">
      <Filter>src\graphics\gl</Filter>
    </ClInclude>
    <ClInclude Include="graphics\gl\mesh.h">
      <Filter>src\graphics\gl</Filter>
    </ClInclude>
    <ClInclude Include="graphics\gl\renderer.h">
      <Filter>src\graphics\gl</Filter>
    </ClInclude>
    <ClInclude Include="graphics\gl\shader_manager.h">
      <Filter>src\graphics\gl</Filter>
    </ClInclude>
    <ClInclude Include="graphics\frameRateController.h">
      <Filter>src\graphics</Filter>
    </ClInclude>
    <ClInclude Include="graphics\gl\window.h">
      <Filter>src\graphics\gl</Filter>
    </ClInclude>
    <ClInclude Include="graphics\window_info.h">
      <Filter>src\graphics</Filter>
    </ClInclude>
    <ClInclude Include="graphics\gl\GLResource.hpp">
      <Filter>src\graphics\gl</Filter>
    </ClInclude>
    <ClInclude Include="tool\conhost.h">
      <Filter>src\tool</Filter>
    </ClInclude>
    <ClInclude Include="core\ecs\component_storage.h">
      <Filter>src\core\ecs</Filter>
    </ClInclude>
    <ClInclude Include="core\ecs\ecs_system.h">
      <Filter>src\core\ecs</Filter>
    </ClInclude>
    <ClInclude Include="core\input_system.h">
      <Filter>src\core\ecs</Filter>
    </ClInclude>
    <ClInclude Include="core\ecs\movement_system.h">
      <Filter>src\core\ecs</Filter>
    </ClInclude>
    <ClInclude Include="core\ecs\entity.h">
      <Filter>src\core\ecs</Filter>
    </ClInclude>
    <ClInclude Include="core\engine.h">
      <Filter>src\core</Filter>
    </ClInclude>
    <ClInclude Include="gameplay\world.h">
      <Filter>src\gameplay</Filter>
    </ClInclude>
    <ClInclude Include="graphics\image.h">
      <Filter>src\graphics</Filter>
    </ClInclude>
    <ClInclude Include="graphics\TextureManager.h">
      <Filter>src\graphics</Filter>
    </ClInclude>
    <ClInclude Include="graphics\gl\texture.h">
      <Filter>src\graphics\gl</Filter>
    </ClInclude>
    <ClInclude Include="graphics2D\sprite.h">
      <Filter>src\graphics2D</Filter>
    </ClInclude>
    <ClInclude Include="core\type_system\type_id.h">
      <Filter>src\core\type_system</Filter>
    </ClInclude>
    <ClInclude Include="test1.h">
      <Filter>src</Filter>
    </ClInclude>
    <ClInclude Include="core\ecs\entity_manager.h">
      <Filter>src\core\ecs</Filter>
    </ClInclude>
    <ClInclude Include="core\logger.h" />
    <ClInclude Include="gameplay\components\position_component.h" />
    <ClInclude Include="core\ecs\system\renderer_system.h" />
  </ItemGroup>
  <ItemGroup>
    <None Include="assets\shaders\fragment_shader.glsl">
      <Filter>assets\shaders</Filter>
    </None>
    <None Include="assets\shaders\vertex_shader.glsl">
      <Filter>assets\shaders</Filter>
    </None>
    <None Include="core\ecs\component_manager.h">
      <Filter>src\core\ecs</Filter>
    </None>
    <None Include="..\vcpkg.json" />
    <None Include="..\.gitignore" />
  </ItemGroup>
  <ItemGroup>
    <Image Include="assets\images\pic.png">
      <Filter>assets\images</Filter>
    </Image>
  </ItemGroup>
</Project>